
Microsoft Visual Studio Solution File, Format Version 12.00
# Visual Studio Version 17
VisualStudioVersion = 17.6.33801.468
MinimumVisualStudioVersion = 10.0.40219.1
Project("{FAE04EC0-301F-11D3-BF4B-00C04F79EFBC}") = "BenchmarkDotNetSampleApp", "BenchmarkDotNetSampleApp\BenchmarkDotNetSampleApp.csproj", "{28DEDAB3-3777-4B50-84F5-F0C328D0C0C4}"
EndProject
Global
	GlobalSection(SolutionConfigurationPlatforms) = preSolution
		Debug|Any CPU = Debug|Any CPU
		Release|Any CPU = Release|Any CPU
	EndGlobalSection
	GlobalSection(ProjectConfigurationPlatforms) = postSolution
		{28DEDAB3-3777-4B50-84F5-F0C328D0C0C4}.Debug|Any CPU.ActiveCfg = Debug|Any CPU
		{28DEDAB3-3777-4B50-84F5-F0C328D0C0C4}.Debug|Any CPU.Build.0 = Debug|Any CPU
		{28DEDAB3-3777-4B50-84F5-F0C328D0C0C4}.Release|Any CPU.ActiveCfg = Release|Any CPU
		{28DEDAB3-3777-4B50-84F5-F0C328D0C0C4}.Release|Any CPU.Build.0 = Release|Any CPU
	EndGlobalSection
	GlobalSection(SolutionProperties) = preSolution
		HideSolutionNode = FALSE
	EndGlobalSection
	GlobalSection(ExtensibilityGlobals) = postSolution
		SolutionGuid = {7198785D-9C84-41E1-84D5-5BD2BD574D52}
	EndGlobalSection
EndGlobal
