
Microsoft Visual Studio Solution File, Format Version 12.00
# Visual Studio Version 17
VisualStudioVersion = 17.5.001.0
MinimumVisualStudioVersion = 10.0.40219.1
Project("{9A19103F-16F7-4668-BE54-9A1E7A4F7556}") = "BenchmarkDotNetSampleApp", "BenchmarkDotNetSampleApp.csproj", "{D523E79B-14A9-46CB-9312-E8B8CA9BA69A}"
EndProject
Global
	GlobalSection(SolutionConfigurationPlatforms) = preSolution
		Debug|Any CPU = Debug|Any CPU
		Release|Any CPU = Release|Any CPU
	EndGlobalSection
	GlobalSection(ProjectConfigurationPlatforms) = postSolution
		{D523E79B-14A9-46CB-9312-E8B8CA9BA69A}.Debug|Any CPU.ActiveCfg = Debug|Any CPU
		{D523E79B-14A9-46CB-9312-E8B8CA9BA69A}.Debug|Any CPU.Build.0 = Debug|Any CPU
		{D523E79B-14A9-46CB-9312-E8B8CA9BA69A}.Release|Any CPU.ActiveCfg = Release|Any CPU
		{D523E79B-14A9-46CB-9312-E8B8CA9BA69A}.Release|Any CPU.Build.0 = Release|Any CPU
	EndGlobalSection
	GlobalSection(SolutionProperties) = preSolution
		HideSolutionNode = FALSE
	EndGlobalSection
	GlobalSection(ExtensibilityGlobals) = postSolution
		SolutionGuid = {B1A0EE5F-810E-47F4-A7CE-2B6AFC3BBD78}
	EndGlobalSection
EndGlobal
